
Microsoft Visual Studio Solution File, Format Version 12.00
# Visual Studio 15
VisualStudioVersion = 15.0.28010.2036
MinimumVisualStudioVersion = 10.0.40219.1
Project("{FAE04EC0-301F-11D3-BF4B-00C04F79EFBC}") = "MyShop.Core", "MyShop.Core\MyShop.Core.csproj", "{F2892561-0E98-46CB-AA89-B1C654C7D296}"
EndProject
Project("{FAE04EC0-301F-11D3-BF4B-00C04F79EFBC}") = "MyShop.Services", "MyShop.Services\MyShop.Services.csproj", "{A66FA464-148B-419F-BCCF-5BA241467D14}"
EndProject
Project("{FAE04EC0-301F-11D3-BF4B-00C04F79EFBC}") = "MyShop.DataAccess.SQL", "MyShop.DataAccess.SQL\MyShop.DataAccess.SQL.csproj", "{4679A78C-4DB3-49EE-A4C9-DFA29C91D635}"
EndProject
Project("{FAE04EC0-301F-11D3-BF4B-00C04F79EFBC}") = "MyShop.DataAccess.InMemory", "MyShop.DataAccess.InMemory\MyShop.DataAccess.InMemory.csproj", "{09F01B84-CD90-4587-ABE5-B97E3956263F}"
EndProject
Project("{FAE04EC0-301F-11D3-BF4B-00C04F79EFBC}") = "MyShop.WebUI", "MyShop.WebUI\MyShop.WebUI.csproj", "{5DF94993-065A-403A-8C60-182FE9203227}"
EndProject
Project("{FAE04EC0-301F-11D3-BF4B-00C04F79EFBC}") = "MyShop.WebUI.Tests", "MyShop.WebUI.Tests\MyShop.WebUI.Tests.csproj", "{1C5B7C97-98EF-4466-8520-B481565D2B63}"
EndProject
Global
	GlobalSection(SolutionConfigurationPlatforms) = preSolution
		Debug|Any CPU = Debug|Any CPU
		Release|Any CPU = Release|Any CPU
	EndGlobalSection
	GlobalSection(ProjectConfigurationPlatforms) = postSolution
		{F2892561-0E98-46CB-AA89-B1C654C7D296}.Debug|Any CPU.ActiveCfg = Debug|Any CPU
		{F2892561-0E98-46CB-AA89-B1C654C7D296}.Debug|Any CPU.Build.0 = Debug|Any CPU
		{F2892561-0E98-46CB-AA89-B1C654C7D296}.Release|Any CPU.ActiveCfg = Release|Any CPU
		{F2892561-0E98-46CB-AA89-B1C654C7D296}.Release|Any CPU.Build.0 = Release|Any CPU
		{A66FA464-148B-419F-BCCF-5BA241467D14}.Debug|Any CPU.ActiveCfg = Debug|Any CPU
		{A66FA464-148B-419F-BCCF-5BA241467D14}.Debug|Any CPU.Build.0 = Debug|Any CPU
		{A66FA464-148B-419F-BCCF-5BA241467D14}.Release|Any CPU.ActiveCfg = Release|Any CPU
		{A66FA464-148B-419F-BCCF-5BA241467D14}.Release|Any CPU.Build.0 = Release|Any CPU
		{4679A78C-4DB3-49EE-A4C9-DFA29C91D635}.Debug|Any CPU.ActiveCfg = Debug|Any CPU
		{4679A78C-4DB3-49EE-A4C9-DFA29C91D635}.Debug|Any CPU.Build.0 = Debug|Any CPU
		{4679A78C-4DB3-49EE-A4C9-DFA29C91D635}.Release|Any CPU.ActiveCfg = Release|Any CPU
		{4679A78C-4DB3-49EE-A4C9-DFA29C91D635}.Release|Any CPU.Build.0 = Release|Any CPU
		{09F01B84-CD90-4587-ABE5-B97E3956263F}.Debug|Any CPU.ActiveCfg = Debug|Any CPU
		{09F01B84-CD90-4587-ABE5-B97E3956263F}.Debug|Any CPU.Build.0 = Debug|Any CPU
		{09F01B84-CD90-4587-ABE5-B97E3956263F}.Release|Any CPU.ActiveCfg = Release|Any CPU
		{09F01B84-CD90-4587-ABE5-B97E3956263F}.Release|Any CPU.Build.0 = Release|Any CPU
		{5DF94993-065A-403A-8C60-182FE9203227}.Debug|Any CPU.ActiveCfg = Debug|Any CPU
		{5DF94993-065A-403A-8C60-182FE9203227}.Debug|Any CPU.Build.0 = Debug|Any CPU
		{5DF94993-065A-403A-8C60-182FE9203227}.Release|Any CPU.ActiveCfg = Release|Any CPU
		{5DF94993-065A-403A-8C60-182FE9203227}.Release|Any CPU.Build.0 = Release|Any CPU
		{1C5B7C97-98EF-4466-8520-B481565D2B63}.Debug|Any CPU.ActiveCfg = Debug|Any CPU
		{1C5B7C97-98EF-4466-8520-B481565D2B63}.Debug|Any CPU.Build.0 = Debug|Any CPU
		{1C5B7C97-98EF-4466-8520-B481565D2B63}.Release|Any CPU.ActiveCfg = Release|Any CPU
		{1C5B7C97-98EF-4466-8520-B481565D2B63}.Release|Any CPU.Build.0 = Release|Any CPU
	EndGlobalSection
	GlobalSection(SolutionProperties) = preSolution
		HideSolutionNode = FALSE
	EndGlobalSection
	GlobalSection(ExtensibilityGlobals) = postSolution
		SolutionGuid = {2C44D054-F091-4AE3-9260-18A879A62B1C}
	EndGlobalSection
EndGlobal
